
Microsoft Visual Studio Solution File, Format Version 12.00
# Visual Studio 15
VisualStudioVersion = 15.0.27703.2018
MinimumVisualStudioVersion = 10.0.40219.1
Project("{2150E333-8FDC-42A3-9474-1A3956D46DE8}") = "Lighting", "Lighting", "{C4222F3E-956A-4FC7-99A9-5F45D25F75C1}"
EndProject
Project("{FAE04EC0-301F-11D3-BF4B-00C04F79EFBC}") = "LightingScene", "Lighting\LightingScene\LightingScene.csproj", "{BCF18166-B64F-46BD-9918-93CC777F42AB}"
EndProject
Project("{FAE04EC0-301F-11D3-BF4B-00C04F79EFBC}") = "AmbientLighting", "Lighting\AmbientLighting\AmbientLighting.csproj", "{DAB90AE0-9005-4302-AAAC-B2FB21702A44}"
EndProject
Project("{2150E333-8FDC-42A3-9474-1A3956D46DE8}") = "Basic", "Basic", "{BE5BF5A0-D69B-4229-B7F4-375673A0FD12}"
EndProject
Project("{FAE04EC0-301F-11D3-BF4B-00C04F79EFBC}") = "Toolkit", "Toolkit\Toolkit.csproj", "{5185DE66-6058-443B-8912-0951D23DED3D}"
EndProject
Project("{FAE04EC0-301F-11D3-BF4B-00C04F79EFBC}") = "DiffuseLighting", "Lighting\DiffuseLighting\DiffuseLighting.csproj", "{53AC2CBF-FD12-4095-B025-9520660CAD98}"
EndProject
Project("{FAE04EC0-301F-11D3-BF4B-00C04F79EFBC}") = "SingleTexture", "Basic\ApplyTexture\SingleTexture.csproj", "{59916399-5169-42C5-8F71-D56998A3A874}"
EndProject
Project("{FAE04EC0-301F-11D3-BF4B-00C04F79EFBC}") = "CoordinatesTransformation", "Basic\CoordinatesTransformation\CoordinatesTransformation.csproj", "{18F0DB6D-29CF-43E1-B87C-07BC065DCF35}"
EndProject
Project("{FAE04EC0-301F-11D3-BF4B-00C04F79EFBC}") = "DrawingRectangleByEBO", "Basic\DrawingRectangleByEBO\DrawingRectangleByEBO.csproj", "{8F6AB984-CB3E-4C72-84E2-1A7B11E98FF2}"
EndProject
Project("{FAE04EC0-301F-11D3-BF4B-00C04F79EFBC}") = "DrawingTriangle", "Basic\DrawingTriangle\DrawingTriangle.csproj", "{96676D39-A6AC-454F-B20D-387358FE807B}"
EndProject
Project("{FAE04EC0-301F-11D3-BF4B-00C04F79EFBC}") = "DrawingTwoTriangles", "Basic\DrawingTwoTriangles\DrawingTwoTriangles.csproj", "{E0D7257A-A5CE-4FFF-9462-F3C9E0493C1A}"
EndProject
Project("{FAE04EC0-301F-11D3-BF4B-00C04F79EFBC}") = "MultipleTextures", "Basic\MultipleTextures\MultipleTextures.csproj", "{EFD48633-352F-47D5-8790-0C67160CC935}"
EndProject
Project("{FAE04EC0-301F-11D3-BF4B-00C04F79EFBC}") = "Shader", "Basic\Shader\Shader.csproj", "{71C67103-F528-45C7-B3B7-041744DC306B}"
EndProject
Project("{FAE04EC0-301F-11D3-BF4B-00C04F79EFBC}") = "TimeAnimation", "Basic\TimeAnimation\TimeAnimation.csproj", "{64712F9D-DCE9-4638-90C0-F884A97E327E}"
EndProject
Project("{FAE04EC0-301F-11D3-BF4B-00C04F79EFBC}") = "FirstPersonCamera", "Basic\FirstPersonCamera\FirstPersonCamera.csproj", "{DE37DA43-5985-4D63-A215-767FFDD49DF9}"
EndProject
Project("{FAE04EC0-301F-11D3-BF4B-00C04F79EFBC}") = "SpecularLigthing", "Lighting\SpecularLigthing\SpecularLigthing.csproj", "{A32D5B0A-7DAA-47AF-AAB5-00D0B9046588}"
EndProject
Project("{FAE04EC0-301F-11D3-BF4B-00C04F79EFBC}") = "Material", "Lighting\Material\Material.csproj", "{0DFFCEDC-BFBF-48EE-AF0F-221EC9F642F3}"
EndProject
Project("{FAE04EC0-301F-11D3-BF4B-00C04F79EFBC}") = "DiffuseLightingMaps", "Lighting\DiffuseLightingMaps\DiffuseLightingMaps.csproj", "{A6C6F02D-7880-45B9-BC67-AEAFD4018CE6}"
EndProject
Project("{FAE04EC0-301F-11D3-BF4B-00C04F79EFBC}") = "SpecularLightingMaps", "Lighting\SpecularLightingMaps\SpecularLightingMaps.csproj", "{E66EDBA3-914E-4E33-94F5-4662FF9FD530}"
EndProject
Project("{2150E333-8FDC-42A3-9474-1A3956D46DE8}") = "ModelLoading", "ModelLoading", "{E376EC30-04AF-4BD7-B4F1-D4E34BFD4A0A}"
EndProject
Project("{FAE04EC0-301F-11D3-BF4B-00C04F79EFBC}") = "ModelLoader", "ModelLoading\ModelLoader\ModelLoader.csproj", "{69AA979E-5653-4887-814C-9740F4451C1D}"
EndProject
Project("{FAE04EC0-301F-11D3-BF4B-00C04F79EFBC}") = "PointLight", "Lighting\PointLight\PointLight.csproj", "{2F7C2C99-3407-42A3-98E3-834BAE8C99B6}"
EndProject
Project("{FAE04EC0-301F-11D3-BF4B-00C04F79EFBC}") = "DirectionalLight", "Lighting\DirectionalLight\DirectionalLight.csproj", "{4C411A1A-D9A0-4A13-8157-806128286EDA}"
EndProject
Project("{FAE04EC0-301F-11D3-BF4B-00C04F79EFBC}") = "SpotLight", "Lighting\SpotLight\SpotLight.csproj", "{4A79367A-17A1-4D7A-B593-C592B82466F4}"
EndProject
Project("{FAE04EC0-301F-11D3-BF4B-00C04F79EFBC}") = "MultipleLights", "Lighting\MultipleLights\MultipleLights.csproj", "{8EDE1F8E-22B5-42C6-BD53-7C32D97FD990}"
EndProject
Project("{2150E333-8FDC-42A3-9474-1A3956D46DE8}") = "AdvancedLighting", "AdvancedLighting", "{F127E242-4E4F-4926-98CD-ED6150BE9087}"
EndProject
Project("{FAE04EC0-301F-11D3-BF4B-00C04F79EFBC}") = "DepthTesting", "AdvancedLighting\DepthTesting\DepthTesting.csproj", "{469A7DEF-4CAC-4320-9EEC-AF9F7FF5D632}"
EndProject
Global
	GlobalSection(SolutionConfigurationPlatforms) = preSolution
		Debug|Any CPU = Debug|Any CPU
		Release|Any CPU = Release|Any CPU
	EndGlobalSection
	GlobalSection(ProjectConfigurationPlatforms) = postSolution
		{BCF18166-B64F-46BD-9918-93CC777F42AB}.Debug|Any CPU.ActiveCfg = Debug|Any CPU
		{BCF18166-B64F-46BD-9918-93CC777F42AB}.Debug|Any CPU.Build.0 = Debug|Any CPU
		{BCF18166-B64F-46BD-9918-93CC777F42AB}.Release|Any CPU.ActiveCfg = Release|Any CPU
		{BCF18166-B64F-46BD-9918-93CC777F42AB}.Release|Any CPU.Build.0 = Release|Any CPU
		{DAB90AE0-9005-4302-AAAC-B2FB21702A44}.Debug|Any CPU.ActiveCfg = Debug|Any CPU
		{DAB90AE0-9005-4302-AAAC-B2FB21702A44}.Debug|Any CPU.Build.0 = Debug|Any CPU
		{DAB90AE0-9005-4302-AAAC-B2FB21702A44}.Release|Any CPU.ActiveCfg = Release|Any CPU
		{DAB90AE0-9005-4302-AAAC-B2FB21702A44}.Release|Any CPU.Build.0 = Release|Any CPU
		{5185DE66-6058-443B-8912-0951D23DED3D}.Debug|Any CPU.ActiveCfg = Debug|Any CPU
		{5185DE66-6058-443B-8912-0951D23DED3D}.Debug|Any CPU.Build.0 = Debug|Any CPU
		{5185DE66-6058-443B-8912-0951D23DED3D}.Release|Any CPU.ActiveCfg = Release|Any CPU
		{5185DE66-6058-443B-8912-0951D23DED3D}.Release|Any CPU.Build.0 = Release|Any CPU
		{53AC2CBF-FD12-4095-B025-9520660CAD98}.Debug|Any CPU.ActiveCfg = Debug|Any CPU
		{53AC2CBF-FD12-4095-B025-9520660CAD98}.Debug|Any CPU.Build.0 = Debug|Any CPU
		{53AC2CBF-FD12-4095-B025-9520660CAD98}.Release|Any CPU.ActiveCfg = Release|Any CPU
		{53AC2CBF-FD12-4095-B025-9520660CAD98}.Release|Any CPU.Build.0 = Release|Any CPU
		{59916399-5169-42C5-8F71-D56998A3A874}.Debug|Any CPU.ActiveCfg = Debug|Any CPU
		{59916399-5169-42C5-8F71-D56998A3A874}.Debug|Any CPU.Build.0 = Debug|Any CPU
		{59916399-5169-42C5-8F71-D56998A3A874}.Release|Any CPU.ActiveCfg = Release|Any CPU
		{59916399-5169-42C5-8F71-D56998A3A874}.Release|Any CPU.Build.0 = Release|Any CPU
		{18F0DB6D-29CF-43E1-B87C-07BC065DCF35}.Debug|Any CPU.ActiveCfg = Debug|Any CPU
		{18F0DB6D-29CF-43E1-B87C-07BC065DCF35}.Debug|Any CPU.Build.0 = Debug|Any CPU
		{18F0DB6D-29CF-43E1-B87C-07BC065DCF35}.Release|Any CPU.ActiveCfg = Release|Any CPU
		{18F0DB6D-29CF-43E1-B87C-07BC065DCF35}.Release|Any CPU.Build.0 = Release|Any CPU
		{8F6AB984-CB3E-4C72-84E2-1A7B11E98FF2}.Debug|Any CPU.ActiveCfg = Debug|Any CPU
		{8F6AB984-CB3E-4C72-84E2-1A7B11E98FF2}.Debug|Any CPU.Build.0 = Debug|Any CPU
		{8F6AB984-CB3E-4C72-84E2-1A7B11E98FF2}.Release|Any CPU.ActiveCfg = Release|Any CPU
		{8F6AB984-CB3E-4C72-84E2-1A7B11E98FF2}.Release|Any CPU.Build.0 = Release|Any CPU
		{96676D39-A6AC-454F-B20D-387358FE807B}.Debug|Any CPU.ActiveCfg = Debug|Any CPU
		{96676D39-A6AC-454F-B20D-387358FE807B}.Debug|Any CPU.Build.0 = Debug|Any CPU
		{96676D39-A6AC-454F-B20D-387358FE807B}.Release|Any CPU.ActiveCfg = Release|Any CPU
		{96676D39-A6AC-454F-B20D-387358FE807B}.Release|Any CPU.Build.0 = Release|Any CPU
		{E0D7257A-A5CE-4FFF-9462-F3C9E0493C1A}.Debug|Any CPU.ActiveCfg = Debug|Any CPU
		{E0D7257A-A5CE-4FFF-9462-F3C9E0493C1A}.Debug|Any CPU.Build.0 = Debug|Any CPU
		{E0D7257A-A5CE-4FFF-9462-F3C9E0493C1A}.Release|Any CPU.ActiveCfg = Release|Any CPU
		{E0D7257A-A5CE-4FFF-9462-F3C9E0493C1A}.Release|Any CPU.Build.0 = Release|Any CPU
		{EFD48633-352F-47D5-8790-0C67160CC935}.Debug|Any CPU.ActiveCfg = Debug|Any CPU
		{EFD48633-352F-47D5-8790-0C67160CC935}.Debug|Any CPU.Build.0 = Debug|Any CPU
		{EFD48633-352F-47D5-8790-0C67160CC935}.Release|Any CPU.ActiveCfg = Release|Any CPU
		{EFD48633-352F-47D5-8790-0C67160CC935}.Release|Any CPU.Build.0 = Release|Any CPU
		{71C67103-F528-45C7-B3B7-041744DC306B}.Debug|Any CPU.ActiveCfg = Debug|Any CPU
		{71C67103-F528-45C7-B3B7-041744DC306B}.Debug|Any CPU.Build.0 = Debug|Any CPU
		{71C67103-F528-45C7-B3B7-041744DC306B}.Release|Any CPU.ActiveCfg = Release|Any CPU
		{71C67103-F528-45C7-B3B7-041744DC306B}.Release|Any CPU.Build.0 = Release|Any CPU
		{64712F9D-DCE9-4638-90C0-F884A97E327E}.Debug|Any CPU.ActiveCfg = Debug|Any CPU
		{64712F9D-DCE9-4638-90C0-F884A97E327E}.Debug|Any CPU.Build.0 = Debug|Any CPU
		{64712F9D-DCE9-4638-90C0-F884A97E327E}.Release|Any CPU.ActiveCfg = Release|Any CPU
		{64712F9D-DCE9-4638-90C0-F884A97E327E}.Release|Any CPU.Build.0 = Release|Any CPU
		{DE37DA43-5985-4D63-A215-767FFDD49DF9}.Debug|Any CPU.ActiveCfg = Debug|Any CPU
		{DE37DA43-5985-4D63-A215-767FFDD49DF9}.Debug|Any CPU.Build.0 = Debug|Any CPU
		{DE37DA43-5985-4D63-A215-767FFDD49DF9}.Release|Any CPU.ActiveCfg = Release|Any CPU
		{DE37DA43-5985-4D63-A215-767FFDD49DF9}.Release|Any CPU.Build.0 = Release|Any CPU
		{A32D5B0A-7DAA-47AF-AAB5-00D0B9046588}.Debug|Any CPU.ActiveCfg = Debug|Any CPU
		{A32D5B0A-7DAA-47AF-AAB5-00D0B9046588}.Debug|Any CPU.Build.0 = Debug|Any CPU
		{A32D5B0A-7DAA-47AF-AAB5-00D0B9046588}.Release|Any CPU.ActiveCfg = Release|Any CPU
		{A32D5B0A-7DAA-47AF-AAB5-00D0B9046588}.Release|Any CPU.Build.0 = Release|Any CPU
		{0DFFCEDC-BFBF-48EE-AF0F-221EC9F642F3}.Debug|Any CPU.ActiveCfg = Debug|Any CPU
		{0DFFCEDC-BFBF-48EE-AF0F-221EC9F642F3}.Debug|Any CPU.Build.0 = Debug|Any CPU
		{0DFFCEDC-BFBF-48EE-AF0F-221EC9F642F3}.Release|Any CPU.ActiveCfg = Release|Any CPU
		{0DFFCEDC-BFBF-48EE-AF0F-221EC9F642F3}.Release|Any CPU.Build.0 = Release|Any CPU
		{A6C6F02D-7880-45B9-BC67-AEAFD4018CE6}.Debug|Any CPU.ActiveCfg = Debug|Any CPU
		{A6C6F02D-7880-45B9-BC67-AEAFD4018CE6}.Debug|Any CPU.Build.0 = Debug|Any CPU
		{A6C6F02D-7880-45B9-BC67-AEAFD4018CE6}.Release|Any CPU.ActiveCfg = Release|Any CPU
		{A6C6F02D-7880-45B9-BC67-AEAFD4018CE6}.Release|Any CPU.Build.0 = Release|Any CPU
		{E66EDBA3-914E-4E33-94F5-4662FF9FD530}.Debug|Any CPU.ActiveCfg = Debug|Any CPU
		{E66EDBA3-914E-4E33-94F5-4662FF9FD530}.Debug|Any CPU.Build.0 = Debug|Any CPU
		{E66EDBA3-914E-4E33-94F5-4662FF9FD530}.Release|Any CPU.ActiveCfg = Release|Any CPU
		{E66EDBA3-914E-4E33-94F5-4662FF9FD530}.Release|Any CPU.Build.0 = Release|Any CPU
		{69AA979E-5653-4887-814C-9740F4451C1D}.Debug|Any CPU.ActiveCfg = Debug|Any CPU
		{69AA979E-5653-4887-814C-9740F4451C1D}.Debug|Any CPU.Build.0 = Debug|Any CPU
		{69AA979E-5653-4887-814C-9740F4451C1D}.Release|Any CPU.ActiveCfg = Release|Any CPU
		{69AA979E-5653-4887-814C-9740F4451C1D}.Release|Any CPU.Build.0 = Release|Any CPU
		{2F7C2C99-3407-42A3-98E3-834BAE8C99B6}.Debug|Any CPU.ActiveCfg = Debug|Any CPU
		{2F7C2C99-3407-42A3-98E3-834BAE8C99B6}.Debug|Any CPU.Build.0 = Debug|Any CPU
		{2F7C2C99-3407-42A3-98E3-834BAE8C99B6}.Release|Any CPU.ActiveCfg = Release|Any CPU
		{2F7C2C99-3407-42A3-98E3-834BAE8C99B6}.Release|Any CPU.Build.0 = Release|Any CPU
		{4C411A1A-D9A0-4A13-8157-806128286EDA}.Debug|Any CPU.ActiveCfg = Debug|Any CPU
		{4C411A1A-D9A0-4A13-8157-806128286EDA}.Debug|Any CPU.Build.0 = Debug|Any CPU
		{4C411A1A-D9A0-4A13-8157-806128286EDA}.Release|Any CPU.ActiveCfg = Release|Any CPU
		{4C411A1A-D9A0-4A13-8157-806128286EDA}.Release|Any CPU.Build.0 = Release|Any CPU
		{4A79367A-17A1-4D7A-B593-C592B82466F4}.Debug|Any CPU.ActiveCfg = Debug|Any CPU
		{4A79367A-17A1-4D7A-B593-C592B82466F4}.Debug|Any CPU.Build.0 = Debug|Any CPU
		{4A79367A-17A1-4D7A-B593-C592B82466F4}.Release|Any CPU.ActiveCfg = Release|Any CPU
		{4A79367A-17A1-4D7A-B593-C592B82466F4}.Release|Any CPU.Build.0 = Release|Any CPU
		{8EDE1F8E-22B5-42C6-BD53-7C32D97FD990}.Debug|Any CPU.ActiveCfg = Debug|Any CPU
		{8EDE1F8E-22B5-42C6-BD53-7C32D97FD990}.Debug|Any CPU.Build.0 = Debug|Any CPU
		{8EDE1F8E-22B5-42C6-BD53-7C32D97FD990}.Release|Any CPU.ActiveCfg = Release|Any CPU
		{8EDE1F8E-22B5-42C6-BD53-7C32D97FD990}.Release|Any CPU.Build.0 = Release|Any CPU
		{469A7DEF-4CAC-4320-9EEC-AF9F7FF5D632}.Debug|Any CPU.ActiveCfg = Debug|Any CPU
		{469A7DEF-4CAC-4320-9EEC-AF9F7FF5D632}.Debug|Any CPU.Build.0 = Debug|Any CPU
		{469A7DEF-4CAC-4320-9EEC-AF9F7FF5D632}.Release|Any CPU.ActiveCfg = Release|Any CPU
		{469A7DEF-4CAC-4320-9EEC-AF9F7FF5D632}.Release|Any CPU.Build.0 = Release|Any CPU
	EndGlobalSection
	GlobalSection(SolutionProperties) = preSolution
		HideSolutionNode = FALSE
	EndGlobalSection
	GlobalSection(NestedProjects) = preSolution
		{BCF18166-B64F-46BD-9918-93CC777F42AB} = {C4222F3E-956A-4FC7-99A9-5F45D25F75C1}
		{DAB90AE0-9005-4302-AAAC-B2FB21702A44} = {C4222F3E-956A-4FC7-99A9-5F45D25F75C1}
		{53AC2CBF-FD12-4095-B025-9520660CAD98} = {C4222F3E-956A-4FC7-99A9-5F45D25F75C1}
		{59916399-5169-42C5-8F71-D56998A3A874} = {BE5BF5A0-D69B-4229-B7F4-375673A0FD12}
		{18F0DB6D-29CF-43E1-B87C-07BC065DCF35} = {BE5BF5A0-D69B-4229-B7F4-375673A0FD12}
		{8F6AB984-CB3E-4C72-84E2-1A7B11E98FF2} = {BE5BF5A0-D69B-4229-B7F4-375673A0FD12}
		{96676D39-A6AC-454F-B20D-387358FE807B} = {BE5BF5A0-D69B-4229-B7F4-375673A0FD12}
		{E0D7257A-A5CE-4FFF-9462-F3C9E0493C1A} = {BE5BF5A0-D69B-4229-B7F4-375673A0FD12}
		{EFD48633-352F-47D5-8790-0C67160CC935} = {BE5BF5A0-D69B-4229-B7F4-375673A0FD12}
		{71C67103-F528-45C7-B3B7-041744DC306B} = {BE5BF5A0-D69B-4229-B7F4-375673A0FD12}
		{64712F9D-DCE9-4638-90C0-F884A97E327E} = {BE5BF5A0-D69B-4229-B7F4-375673A0FD12}
		{DE37DA43-5985-4D63-A215-767FFDD49DF9} = {BE5BF5A0-D69B-4229-B7F4-375673A0FD12}
		{A32D5B0A-7DAA-47AF-AAB5-00D0B9046588} = {C4222F3E-956A-4FC7-99A9-5F45D25F75C1}
		{0DFFCEDC-BFBF-48EE-AF0F-221EC9F642F3} = {C4222F3E-956A-4FC7-99A9-5F45D25F75C1}
		{A6C6F02D-7880-45B9-BC67-AEAFD4018CE6} = {C4222F3E-956A-4FC7-99A9-5F45D25F75C1}
		{E66EDBA3-914E-4E33-94F5-4662FF9FD530} = {C4222F3E-956A-4FC7-99A9-5F45D25F75C1}
		{69AA979E-5653-4887-814C-9740F4451C1D} = {E376EC30-04AF-4BD7-B4F1-D4E34BFD4A0A}
		{2F7C2C99-3407-42A3-98E3-834BAE8C99B6} = {C4222F3E-956A-4FC7-99A9-5F45D25F75C1}
		{4C411A1A-D9A0-4A13-8157-806128286EDA} = {C4222F3E-956A-4FC7-99A9-5F45D25F75C1}
		{4A79367A-17A1-4D7A-B593-C592B82466F4} = {C4222F3E-956A-4FC7-99A9-5F45D25F75C1}
		{8EDE1F8E-22B5-42C6-BD53-7C32D97FD990} = {C4222F3E-956A-4FC7-99A9-5F45D25F75C1}
		{469A7DEF-4CAC-4320-9EEC-AF9F7FF5D632} = {F127E242-4E4F-4926-98CD-ED6150BE9087}
	EndGlobalSection
	GlobalSection(ExtensibilityGlobals) = postSolution
		SolutionGuid = {776F5E3B-4AB0-44DC-9752-B4D3594EF277}
	EndGlobalSection
EndGlobal
